
Microsoft Visual Studio Solution File, Format Version 12.00
# Visual Studio Version 17
VisualStudioVersion = 17.9.34728.123
MinimumVisualStudioVersion = 10.0.40219.1
Project("{9A19103F-16F7-4668-BE54-9A1E7A4F7556}") = "ProgressBarMemoryLeakDemo", "ProgressBarMemoryLeakDemo\ProgressBarMemoryLeakDemo.csproj", "{03144F8B-57F7-4BC5-9571-6CC1D6E32C4A}"
EndProject
Project("{9A19103F-16F7-4668-BE54-9A1E7A4F7556}") = "ProgressBarMemoryLeakDemo.Desktop", "ProgressBarMemoryLeakDemo.Desktop\ProgressBarMemoryLeakDemo.Desktop.csproj", "{7EA9C6D4-5C49-45AC-9806-346C2903EEA4}"
EndProject
Global
	GlobalSection(SolutionConfigurationPlatforms) = preSolution
		Debug|Any CPU = Debug|Any CPU
		Release|Any CPU = Release|Any CPU
	EndGlobalSection
	GlobalSection(ProjectConfigurationPlatforms) = postSolution
		{03144F8B-57F7-4BC5-9571-6CC1D6E32C4A}.Debug|Any CPU.ActiveCfg = Debug|Any CPU
		{03144F8B-57F7-4BC5-9571-6CC1D6E32C4A}.Debug|Any CPU.Build.0 = Debug|Any CPU
		{03144F8B-57F7-4BC5-9571-6CC1D6E32C4A}.Release|Any CPU.ActiveCfg = Release|Any CPU
		{03144F8B-57F7-4BC5-9571-6CC1D6E32C4A}.Release|Any CPU.Build.0 = Release|Any CPU
		{7EA9C6D4-5C49-45AC-9806-346C2903EEA4}.Debug|Any CPU.ActiveCfg = Debug|Any CPU
		{7EA9C6D4-5C49-45AC-9806-346C2903EEA4}.Debug|Any CPU.Build.0 = Debug|Any CPU
		{7EA9C6D4-5C49-45AC-9806-346C2903EEA4}.Release|Any CPU.ActiveCfg = Release|Any CPU
		{7EA9C6D4-5C49-45AC-9806-346C2903EEA4}.Release|Any CPU.Build.0 = Release|Any CPU
	EndGlobalSection
	GlobalSection(SolutionProperties) = preSolution
		HideSolutionNode = FALSE
	EndGlobalSection
	GlobalSection(ExtensibilityGlobals) = postSolution
		SolutionGuid = {F5C858EF-7AEB-4FC8-A64B-50EC49E7C7D8}
	EndGlobalSection
EndGlobal
